
Microsoft Visual Studio Solution File, Format Version 12.00
# Visual Studio Version 17
VisualStudioVersion = 17.8.34511.84
MinimumVisualStudioVersion = 10.0.40219.1
Project("{9A19103F-16F7-4668-BE54-9A1E7A4F7556}") = "MovieRecommendation.Domain", "MovieRecommendation.Domain\MovieRecommendation.Domain.csproj", "{4AF1093A-1284-4F46-B2AB-14D19FED9AB3}"
EndProject
Project("{9A19103F-16F7-4668-BE54-9A1E7A4F7556}") = "MovieRecommendation.Application", "MovieRecommendation.Application\MovieRecommendation.Application.csproj", "{D8D67661-E1F8-4B05-8346-72DE86D5A42A}"
EndProject
Project("{9A19103F-16F7-4668-BE54-9A1E7A4F7556}") = "MovieRecommendation.Presentation", "MovieRecommendation.Presentation\MovieRecommendation.Presentation.csproj", "{FC2080AE-E66D-403E-94D3-836AB7D64D90}"
EndProject
Project("{9A19103F-16F7-4668-BE54-9A1E7A4F7556}") = "MovieRecommendation.Infrastructure", "MovieRecommendation.Infrastructure\MovieRecommendation.Infrastructure.csproj", "{D38CD640-EDF7-415A-9514-E037372AC4EF}"
EndProject
Project("{2150E333-8FDC-42A3-9474-1A3956D46DE8}") = "Solution Items", "Solution Items", "{423A555A-EA8F-45D6-86F9-D980EE15B1B0}"
	ProjectSection(SolutionItems) = preProject
		.gitignore = .gitignore
		README.md = README.md
	EndProjectSection
EndProject
Project("{FAE04EC0-301F-11D3-BF4B-00C04F79EFBC}") = "MovieRecommendation.Tests", "MovieRecommendation.Tests\MovieRecommendation.Tests.csproj", "{AC1C87D6-18B4-4103-8466-F496201D22CF}"
EndProject
Global
	GlobalSection(SolutionConfigurationPlatforms) = preSolution
		Debug|Any CPU = Debug|Any CPU
		Release|Any CPU = Release|Any CPU
	EndGlobalSection
	GlobalSection(ProjectConfigurationPlatforms) = postSolution
		{4AF1093A-1284-4F46-B2AB-14D19FED9AB3}.Debug|Any CPU.ActiveCfg = Debug|Any CPU
		{4AF1093A-1284-4F46-B2AB-14D19FED9AB3}.Debug|Any CPU.Build.0 = Debug|Any CPU
		{4AF1093A-1284-4F46-B2AB-14D19FED9AB3}.Release|Any CPU.ActiveCfg = Release|Any CPU
		{4AF1093A-1284-4F46-B2AB-14D19FED9AB3}.Release|Any CPU.Build.0 = Release|Any CPU
		{D8D67661-E1F8-4B05-8346-72DE86D5A42A}.Debug|Any CPU.ActiveCfg = Debug|Any CPU
		{D8D67661-E1F8-4B05-8346-72DE86D5A42A}.Debug|Any CPU.Build.0 = Debug|Any CPU
		{D8D67661-E1F8-4B05-8346-72DE86D5A42A}.Release|Any CPU.ActiveCfg = Release|Any CPU
		{D8D67661-E1F8-4B05-8346-72DE86D5A42A}.Release|Any CPU.Build.0 = Release|Any CPU
		{FC2080AE-E66D-403E-94D3-836AB7D64D90}.Debug|Any CPU.ActiveCfg = Debug|Any CPU
		{FC2080AE-E66D-403E-94D3-836AB7D64D90}.Debug|Any CPU.Build.0 = Debug|Any CPU
		{FC2080AE-E66D-403E-94D3-836AB7D64D90}.Release|Any CPU.ActiveCfg = Release|Any CPU
		{FC2080AE-E66D-403E-94D3-836AB7D64D90}.Release|Any CPU.Build.0 = Release|Any CPU
		{D38CD640-EDF7-415A-9514-E037372AC4EF}.Debug|Any CPU.ActiveCfg = Debug|Any CPU
		{D38CD640-EDF7-415A-9514-E037372AC4EF}.Debug|Any CPU.Build.0 = Debug|Any CPU
		{D38CD640-EDF7-415A-9514-E037372AC4EF}.Release|Any CPU.ActiveCfg = Release|Any CPU
		{D38CD640-EDF7-415A-9514-E037372AC4EF}.Release|Any CPU.Build.0 = Release|Any CPU
		{AC1C87D6-18B4-4103-8466-F496201D22CF}.Debug|Any CPU.ActiveCfg = Debug|Any CPU
		{AC1C87D6-18B4-4103-8466-F496201D22CF}.Debug|Any CPU.Build.0 = Debug|Any CPU
		{AC1C87D6-18B4-4103-8466-F496201D22CF}.Release|Any CPU.ActiveCfg = Release|Any CPU
		{AC1C87D6-18B4-4103-8466-F496201D22CF}.Release|Any CPU.Build.0 = Release|Any CPU
	EndGlobalSection
	GlobalSection(SolutionProperties) = preSolution
		HideSolutionNode = FALSE
	EndGlobalSection
	GlobalSection(ExtensibilityGlobals) = postSolution
		SolutionGuid = {286F8DB7-9E4B-4B7C-835C-04013DBA1011}
	EndGlobalSection
EndGlobal
