
Microsoft Visual Studio Solution File, Format Version 12.00
# Visual Studio Version 17
VisualStudioVersion = 17.8.34511.84
MinimumVisualStudioVersion = 10.0.40219.1
Project("{FAE04EC0-301F-11D3-BF4B-00C04F79EFBC}") = "MovieRecommendation.Domain", "MovieRecommendation.Domain\MovieRecommendation.Domain.csproj", "{4AF1093A-1284-4F46-B2AB-14D19FED9AB3}"
EndProject
Project("{FAE04EC0-301F-11D3-BF4B-00C04F79EFBC}") = "MovieRecommendation.Application", "MovieRecommendation.Application\MovieRecommendation.Application.csproj", "{D8D67661-E1F8-4B05-8346-72DE86D5A42A}"
EndProject
Project("{FAE04EC0-301F-11D3-BF4B-00C04F79EFBC}") = "MovieRecommendation.Presentation", "MovieRecommendation.Presentation\MovieRecommendation.Presentation.csproj", "{FC2080AE-E66D-403E-94D3-836AB7D64D90}"
EndProject
Project("{FAE04EC0-301F-11D3-BF4B-00C04F79EFBC}") = "MovieRecommendation.Infrastructure", "MovieRecommendation.Infrastructure\MovieRecommendation.Infrastructure.csproj", "{D38CD640-EDF7-415A-9514-E037372AC4EF}"
EndProject
Global
	GlobalSection(SolutionConfigurationPlatforms) = preSolution
		Debug|Any CPU = Debug|Any CPU
		Release|Any CPU = Release|Any CPU
	EndGlobalSection
	GlobalSection(ProjectConfigurationPlatforms) = postSolution
		{4AF1093A-1284-4F46-B2AB-14D19FED9AB3}.Debug|Any CPU.ActiveCfg = Debug|Any CPU
		{4AF1093A-1284-4F46-B2AB-14D19FED9AB3}.Debug|Any CPU.Build.0 = Debug|Any CPU
		{4AF1093A-1284-4F46-B2AB-14D19FED9AB3}.Release|Any CPU.ActiveCfg = Release|Any CPU
		{4AF1093A-1284-4F46-B2AB-14D19FED9AB3}.Release|Any CPU.Build.0 = Release|Any CPU
		{D8D67661-E1F8-4B05-8346-72DE86D5A42A}.Debug|Any CPU.ActiveCfg = Debug|Any CPU
		{D8D67661-E1F8-4B05-8346-72DE86D5A42A}.Debug|Any CPU.Build.0 = Debug|Any CPU
		{D8D67661-E1F8-4B05-8346-72DE86D5A42A}.Release|Any CPU.ActiveCfg = Release|Any CPU
		{D8D67661-E1F8-4B05-8346-72DE86D5A42A}.Release|Any CPU.Build.0 = Release|Any CPU
		{FC2080AE-E66D-403E-94D3-836AB7D64D90}.Debug|Any CPU.ActiveCfg = Debug|Any CPU
		{FC2080AE-E66D-403E-94D3-836AB7D64D90}.Debug|Any CPU.Build.0 = Debug|Any CPU
		{FC2080AE-E66D-403E-94D3-836AB7D64D90}.Release|Any CPU.ActiveCfg = Release|Any CPU
		{FC2080AE-E66D-403E-94D3-836AB7D64D90}.Release|Any CPU.Build.0 = Release|Any CPU
		{D38CD640-EDF7-415A-9514-E037372AC4EF}.Debug|Any CPU.ActiveCfg = Debug|Any CPU
		{D38CD640-EDF7-415A-9514-E037372AC4EF}.Debug|Any CPU.Build.0 = Debug|Any CPU
		{D38CD640-EDF7-415A-9514-E037372AC4EF}.Release|Any CPU.ActiveCfg = Release|Any CPU
		{D38CD640-EDF7-415A-9514-E037372AC4EF}.Release|Any CPU.Build.0 = Release|Any CPU
	EndGlobalSection
	GlobalSection(SolutionProperties) = preSolution
		HideSolutionNode = FALSE
	EndGlobalSection
	GlobalSection(ExtensibilityGlobals) = postSolution
		SolutionGuid = {286F8DB7-9E4B-4B7C-835C-04013DBA1011}
	EndGlobalSection
EndGlobal
